
Microsoft Visual Studio Solution File, Format Version 12.00
# Visual Studio Version 17
VisualStudioVersion = 17.14.36301.6 d17.14
MinimumVisualStudioVersion = 10.0.40219.1
Project("{FAE04EC0-301F-11D3-BF4B-00C04F79EFBC}") = "ado_net", "ado_net\ado_net.csproj", "{9A8FC5DD-5BF0-4498-8BC2-DC78DD8C3C6B}"
EndProject
Global
	GlobalSection(SolutionConfigurationPlatforms) = preSolution
		Debug|Any CPU = Debug|Any CPU
		Release|Any CPU = Release|Any CPU
	EndGlobalSection
	GlobalSection(ProjectConfigurationPlatforms) = postSolution
		{9A8FC5DD-5BF0-4498-8BC2-DC78DD8C3C6B}.Debug|Any CPU.ActiveCfg = Debug|Any CPU
		{9A8FC5DD-5BF0-4498-8BC2-DC78DD8C3C6B}.Debug|Any CPU.Build.0 = Debug|Any CPU
		{9A8FC5DD-5BF0-4498-8BC2-DC78DD8C3C6B}.Release|Any CPU.ActiveCfg = Release|Any CPU
		{9A8FC5DD-5BF0-4498-8BC2-DC78DD8C3C6B}.Release|Any CPU.Build.0 = Release|Any CPU
	EndGlobalSection
	GlobalSection(SolutionProperties) = preSolution
		HideSolutionNode = FALSE
	EndGlobalSection
	GlobalSection(ExtensibilityGlobals) = postSolution
		SolutionGuid = {9D4903F4-6D3A-4FB8-B10A-831F1A753D70}
	EndGlobalSection
EndGlobal
