
Microsoft Visual Studio Solution File, Format Version 12.00
# Visual Studio Version 17
VisualStudioVersion = 17.14.36301.6 d17.14
MinimumVisualStudioVersion = 10.0.40219.1
Project("{FAE04EC0-301F-11D3-BF4B-00C04F79EFBC}") = "SStore.PL", "SStore.PL\SStore.PL.csproj", "{C6F119AF-7EB9-41F5-996F-24D042AA0DAF}"
EndProject
Project("{FAE04EC0-301F-11D3-BF4B-00C04F79EFBC}") = "SStore.BLL", "SStore.BLL\SStore.BLL.csproj", "{0E09F8A0-C5F9-4D69-B0F7-2867616D7186}"
EndProject
Project("{FAE04EC0-301F-11D3-BF4B-00C04F79EFBC}") = "SStore.DAL", "SStore.DAL\SStore.DAL.csproj", "{0506F0C3-801D-4EE9-88E6-96EF1B805A91}"
EndProject
Global
	GlobalSection(SolutionConfigurationPlatforms) = preSolution
		Debug|Any CPU = Debug|Any CPU
		Release|Any CPU = Release|Any CPU
	EndGlobalSection
	GlobalSection(ProjectConfigurationPlatforms) = postSolution
		{C6F119AF-7EB9-41F5-996F-24D042AA0DAF}.Debug|Any CPU.ActiveCfg = Debug|Any CPU
		{C6F119AF-7EB9-41F5-996F-24D042AA0DAF}.Debug|Any CPU.Build.0 = Debug|Any CPU
		{C6F119AF-7EB9-41F5-996F-24D042AA0DAF}.Release|Any CPU.ActiveCfg = Release|Any CPU
		{C6F119AF-7EB9-41F5-996F-24D042AA0DAF}.Release|Any CPU.Build.0 = Release|Any CPU
		{0E09F8A0-C5F9-4D69-B0F7-2867616D7186}.Debug|Any CPU.ActiveCfg = Debug|Any CPU
		{0E09F8A0-C5F9-4D69-B0F7-2867616D7186}.Debug|Any CPU.Build.0 = Debug|Any CPU
		{0E09F8A0-C5F9-4D69-B0F7-2867616D7186}.Release|Any CPU.ActiveCfg = Release|Any CPU
		{0E09F8A0-C5F9-4D69-B0F7-2867616D7186}.Release|Any CPU.Build.0 = Release|Any CPU
		{0506F0C3-801D-4EE9-88E6-96EF1B805A91}.Debug|Any CPU.ActiveCfg = Debug|Any CPU
		{0506F0C3-801D-4EE9-88E6-96EF1B805A91}.Debug|Any CPU.Build.0 = Debug|Any CPU
		{0506F0C3-801D-4EE9-88E6-96EF1B805A91}.Release|Any CPU.ActiveCfg = Release|Any CPU
		{0506F0C3-801D-4EE9-88E6-96EF1B805A91}.Release|Any CPU.Build.0 = Release|Any CPU
	EndGlobalSection
	GlobalSection(SolutionProperties) = preSolution
		HideSolutionNode = FALSE
	EndGlobalSection
	GlobalSection(ExtensibilityGlobals) = postSolution
		SolutionGuid = {7B127D2F-5656-480E-9266-B060FDA5C9F6}
	EndGlobalSection
EndGlobal
