
Microsoft Visual Studio Solution File, Format Version 12.00
# Visual Studio Version 17
VisualStudioVersion = 17.14.36301.6 d17.14
MinimumVisualStudioVersion = 10.0.40219.1
Project("{FAE04EC0-301F-11D3-BF4B-00C04F79EFBC}") = "EF-DB-Context", "EF-DB-Context\EF-DB-Context.csproj", "{DF428EAA-A7C0-4C65-A9BD-DC803A5BC09D}"
EndProject
Global
	GlobalSection(SolutionConfigurationPlatforms) = preSolution
		Debug|Any CPU = Debug|Any CPU
		Release|Any CPU = Release|Any CPU
	EndGlobalSection
	GlobalSection(ProjectConfigurationPlatforms) = postSolution
		{DF428EAA-A7C0-4C65-A9BD-DC803A5BC09D}.Debug|Any CPU.ActiveCfg = Debug|Any CPU
		{DF428EAA-A7C0-4C65-A9BD-DC803A5BC09D}.Debug|Any CPU.Build.0 = Debug|Any CPU
		{DF428EAA-A7C0-4C65-A9BD-DC803A5BC09D}.Release|Any CPU.ActiveCfg = Release|Any CPU
		{DF428EAA-A7C0-4C65-A9BD-DC803A5BC09D}.Release|Any CPU.Build.0 = Release|Any CPU
	EndGlobalSection
	GlobalSection(SolutionProperties) = preSolution
		HideSolutionNode = FALSE
	EndGlobalSection
	GlobalSection(ExtensibilityGlobals) = postSolution
		SolutionGuid = {DA7165BE-887F-46EB-B1C1-C782617B92FA}
	EndGlobalSection
EndGlobal
